
Microsoft Visual Studio Solution File, Format Version 12.00
# Visual Studio 2013
VisualStudioVersion = 12.0.30723.0
MinimumVisualStudioVersion = 10.0.40219.1
Project("{FAE04EC0-301F-11D3-BF4B-00C04F79EFBC}") = "QuanLyGiayDep", "QuanLyGiayDep\QuanLyGiayDep.csproj", "{BF9F157D-8245-4A10-965D-F72144094854}"
EndProject
Global
	GlobalSection(SolutionConfigurationPlatforms) = preSolution
		Debug|Any CPU = Debug|Any CPU
		Release|Any CPU = Release|Any CPU
	EndGlobalSection
	GlobalSection(ProjectConfigurationPlatforms) = postSolution
		{BF9F157D-8245-4A10-965D-F72144094854}.Debug|Any CPU.ActiveCfg = Debug|Any CPU
		{BF9F157D-8245-4A10-965D-F72144094854}.Debug|Any CPU.Build.0 = Debug|Any CPU
		{BF9F157D-8245-4A10-965D-F72144094854}.Release|Any CPU.ActiveCfg = Release|Any CPU
		{BF9F157D-8245-4A10-965D-F72144094854}.Release|Any CPU.Build.0 = Release|Any CPU
	EndGlobalSection
	GlobalSection(SolutionProperties) = preSolution
		HideSolutionNode = FALSE
	EndGlobalSection
EndGlobal
